// !$*UTF8*$!
{
	archiveVersion = 1;
	classes = {
	};
	objectVersion = 50;
	objects = {

/* Begin PBXBuildFile section */
		FBCCC208252DE6A7009E684D /* AppDelegate.swift in Sources */ = {isa = PBXBuildFile; fileRef = FBCCC207252DE6A7009E684D /* AppDelegate.swift */; };
		FBCCC20A252DE6A7009E684D /* SceneDelegate.swift in Sources */ = {isa = PBXBuildFile; fileRef = FBCCC209252DE6A7009E684D /* SceneDelegate.swift */; };
		FBCCC20C252DE6A7009E684D /* ContentView.swift in Sources */ = {isa = PBXBuildFile; fileRef = FBCCC20B252DE6A7009E684D /* ContentView.swift */; };
		FBCCC20E252DE6AC009E684D /* Assets.xcassets in Resources */ = {isa = PBXBuildFile; fileRef = FBCCC20D252DE6AC009E684D /* Assets.xcassets */; };
		FBCCC211252DE6AC009E684D /* Preview Assets.xcassets in Resources */ = {isa = PBXBuildFile; fileRef = FBCCC210252DE6AC009E684D /* Preview Assets.xcassets */; };
		FBCCC214252DE6AC009E684D /* LaunchScreen.storyboard in Resources */ = {isa = PBXBuildFile; fileRef = FBCCC212252DE6AC009E684D /* LaunchScreen.storyboard */; };
		FBCCC21C2531EFE3009E684D /* AddView.swift in Sources */ = {isa = PBXBuildFile; fileRef = FBCCC21B2531EFE3009E684D /* AddView.swift */; };
/* End PBXBuildFile section */

/* Begin PBXFileReference section */
		FBCCC204252DE6A7009E684D /* SwiftUI-IExpense.app */ = {isa = PBXFileReference; explicitFileType = wrapper.application; includeInIndex = 0; path = "SwiftUI-IExpense.app"; sourceTree = BUILT_PRODUCTS_DIR; };
		FBCCC207252DE6A7009E684D /* AppDelegate.swift */ = {isa = PBXFileReference; lastKnownFileType = sourcecode.swift; path = AppDelegate.swift; sourceTree = "<group>"; };
		FBCCC209252DE6A7009E684D /* SceneDelegate.swift */ = {isa = PBXFileReference; lastKnownFileType = sourcecode.swift; path = SceneDelegate.swift; sourceTree = "<group>"; };
		FBCCC20B252DE6A7009E684D /* ContentView.swift */ = {isa = PBXFileReference; lastKnownFileType = sourcecode.swift; path = ContentView.swift; sourceTree = "<group>"; };
		FBCCC20D252DE6AC009E684D /* Assets.xcassets */ = {isa = PBXFileReference; lastKnownFileType = folder.assetcatalog; path = Assets.xcassets; sourceTree = "<group>"; };
		FBCCC210252DE6AC009E684D /* Preview Assets.xcassets */ = {isa = PBXFileReference; lastKnownFileType = folder.assetcatalog; path = "Preview Assets.xcassets"; sourceTree = "<group>"; };
		FBCCC213252DE6AC009E684D /* Base */ = {isa = PBXFileReference; lastKnownFileType = file.storyboard; name = Base; path = Base.lproj/LaunchScreen.storyboard; sourceTree = "<group>"; };
		FBCCC215252DE6AC009E684D /* Info.plist */ = {isa = PBXFileReference; lastKnownFileType = text.plist.xml; path = Info.plist; sourceTree = "<group>"; };
		FBCCC21B2531EFE3009E684D /* AddView.swift */ = {isa = PBXFileReference; lastKnownFileType = sourcecode.swift; path = AddView.swift; sourceTree = SOURCE_ROOT; };
/* End PBXFileReference section */

/* Begin PBXFrameworksBuildPhase section */
		FBCCC201252DE6A7009E684D /* Frameworks */ = {
			isa = PBXFrameworksBuildPhase;
			buildActionMask = 2147483647;
			files = (
			);
			runOnlyForDeploymentPostprocessing = 0;
		};
/* End PBXFrameworksBuildPhase section */

/* Begin PBXGroup section */
		FBCCC1FB252DE6A7009E684D = {
			isa = PBXGroup;
			children = (
				FBCCC206252DE6A7009E684D /* SwiftUI-IExpense */,
				FBCCC205252DE6A7009E684D /* Products */,
			);
			sourceTree = "<group>";
		};
		FBCCC205252DE6A7009E684D /* Products */ = {
			isa = PBXGroup;
			children = (
				FBCCC204252DE6A7009E684D /* SwiftUI-IExpense.app */,
			);
			name = Products;
			sourceTree = "<group>";
		};
		FBCCC206252DE6A7009E684D /* SwiftUI-IExpense */ = {
			isa = PBXGroup;
			children = (
				FBCCC21B2531EFE3009E684D /* AddView.swift */,
				FBCCC207252DE6A7009E684D /* AppDelegate.swift */,
				FBCCC209252DE6A7009E684D /* SceneDelegate.swift */,
				FBCCC20B252DE6A7009E684D /* ContentView.swift */,
				FBCCC20D252DE6AC009E684D /* Assets.xcassets */,
				FBCCC212252DE6AC009E684D /* LaunchScreen.storyboard */,
				FBCCC215252DE6AC009E684D /* Info.plist */,
				FBCCC20F252DE6AC009E684D /* Preview Content */,
			);
			path = "SwiftUI-IExpense";
			sourceTree = "<group>";
		};
		FBCCC20F252DE6AC009E684D /* Preview Content */ = {
			isa = PBXGroup;
			children = (
				FBCCC210252DE6AC009E684D /* Preview Assets.xcassets */,
			);
			path = "Preview Content";
			sourceTree = "<group>";
		};
/* End PBXGroup section */

/* Begin PBXNativeTarget section */
		FBCCC203252DE6A7009E684D /* SwiftUI-IExpense */ = {
			isa = PBXNativeTarget;
			buildConfigurationList = FBCCC218252DE6AC009E684D /* Build configuration list for PBXNativeTarget "SwiftUI-IExpense" */;
			buildPhases = (
				FBCCC200252DE6A7009E684D /* Sources */,
				FBCCC201252DE6A7009E684D /* Frameworks */,
				FBCCC202252DE6A7009E684D /* Resources */,
			);
			buildRules = (
			);
			dependencies = (
			);
			name = "SwiftUI-IExpense";
			productName = "SwiftUI-IExpense";
			productReference = FBCCC204252DE6A7009E684D /* SwiftUI-IExpense.app */;
			productType = "com.apple.product-type.application";
		};
/* End PBXNativeTarget section */

/* Begin PBXProject section */
		FBCCC1FC252DE6A7009E684D /* Project object */ = {
			isa = PBXProject;
			attributes = {
				LastSwiftUpdateCheck = 1120;
				LastUpgradeCheck = 1120;
				ORGANIZATIONNAME = "Deniz Cengiz";
				TargetAttributes = {
					FBCCC203252DE6A7009E684D = {
						CreatedOnToolsVersion = 11.2;
					};
				};
			};
			buildConfigurationList = FBCCC1FF252DE6A7009E684D /* Build configuration list for PBXProject "SwiftUI-IExpense" */;
			compatibilityVersion = "Xcode 9.3";
			developmentRegion = en;
			hasScannedForEncodings = 0;
			knownRegions = (
				en,
				Base,
			);
			mainGroup = FBCCC1FB252DE6A7009E684D;
			productRefGroup = FBCCC205252DE6A7009E684D /* Products */;
			projectDirPath = "";
			projectRoot = "";
			targets = (
				FBCCC203252DE6A7009E684D /* SwiftUI-IExpense */,
			);
		};
/* End PBXProject section */

/* Begin PBXResourcesBuildPhase section */
		FBCCC202252DE6A7009E684D /* Resources */ = {
			isa = PBXResourcesBuildPhase;
			buildActionMask = 2147483647;
			files = (
				FBCCC214252DE6AC009E684D /* LaunchScreen.storyboard in Resources */,
				FBCCC211252DE6AC009E684D /* Preview Assets.xcassets in Resources */,
				FBCCC20E252DE6AC009E684D /* Assets.xcassets in Resources */,
			);
			runOnlyForDeploymentPostprocessing = 0;
		};
/* End PBXResourcesBuildPhase section */

/* Begin PBXSourcesBuildPhase section */
		FBCCC200252DE6A7009E684D /* Sources */ = {
			isa = PBXSourcesBuildPhase;
			buildActionMask = 2147483647;
			files = (
				FBCCC21C2531EFE3009E684D /* AddView.swift in Sources */,
				FBCCC208252DE6A7009E684D /* AppDelegate.swift in Sources */,
				FBCCC20A252DE6A7009E684D /* SceneDelegate.swift in Sources */,
				FBCCC20C252DE6A7009E684D /* ContentView.swift in Sources */,
			);
			runOnlyForDeploymentPostprocessing = 0;
		};
/* End PBXSourcesBuildPhase section */

/* Begin PBXVariantGroup section */
		FBCCC212252DE6AC009E684D /* LaunchScreen.storyboard */ = {
			isa = PBXVariantGroup;
			children = (
				FBCCC213252DE6AC009E684D /* Base */,
			);
			name = LaunchScreen.storyboard;
			sourceTree = "<group>";
		};
/* End PBXVariantGroup section */

/* Begin XCBuildConfiguration section */
		FBCCC216252DE6AC009E684D /* Debug */ = {
			isa = XCBuildConfiguration;
			buildSettings = {
				ALWAYS_SEARCH_USER_PATHS = NO;
				CLANG_ANALYZER_NONNULL = YES;
				CLANG_ANALYZER_NUMBER_OBJECT_CONVERSION = YES_AGGRESSIVE;
				CLANG_CXX_LANGUAGE_STANDARD = "gnu++14";
				CLANG_CXX_LIBRARY = "libc++";
				CLANG_ENABLE_MODULES = YES;
				CLANG_ENABLE_OBJC_ARC = YES;
				CLANG_ENABLE_OBJC_WEAK = YES;
				CLANG_WARN_BLOCK_CAPTURE_AUTORELEASING = YES;
				CLANG_WARN_BOOL_CONVERSION = YES;
				CLANG_WARN_COMMA = YES;
				CLANG_WARN_CONSTANT_CONVERSION = YES;
				CLANG_WARN_DEPRECATED_OBJC_IMPLEMENTATIONS = YES;
				CLANG_WARN_DIRECT_OBJC_ISA_USAGE = YES_ERROR;
				CLANG_WARN_DOCUMENTATION_COMMENTS = YES;
				CLANG_WARN_EMPTY_BODY = YES;
				CLANG_WARN_ENUM_CONVERSION = YES;
				CLANG_WARN_INFINITE_RECURSION = YES;
				CLANG_WARN_INT_CONVERSION = YES;
				CLANG_WARN_NON_LITERAL_NULL_CONVERSION = YES;
				CLANG_WARN_OBJC_IMPLICIT_RETAIN_SELF = YES;
				CLANG_WARN_OBJC_LITERAL_CONVERSION = YES;
				CLANG_WARN_OBJC_ROOT_CLASS = YES_ERROR;
				CLANG_WARN_RANGE_LOOP_ANALYSIS = YES;
				CLANG_WARN_STRICT_PROTOTYPES = YES;
				CLANG_WARN_SUSPICIOUS_MOVE = YES;
				CLANG_WARN_UNGUARDED_AVAILABILITY = YES_AGGRESSIVE;
				CLANG_WARN_UNREACHABLE_CODE = YES;
				CLANG_WARN__DUPLICATE_METHOD_MATCH = YES;
				COPY_PHASE_STRIP = NO;
				DEBUG_INFORMATION_FORMAT = dwarf;
				ENABLE_STRICT_OBJC_MSGSEND = YES;
				ENABLE_TESTABILITY = YES;
				GCC_C_LANGUAGE_STANDARD = gnu11;
				GCC_DYNAMIC_NO_PIC = NO;
				GCC_NO_COMMON_BLOCKS = YES;
				GCC_OPTIMIZATION_LEVEL = 0;
				GCC_PREPROCESSOR_DEFINITIONS = (
					"DEBUG=1",
					"$(inherited)",
				);
				GCC_WARN_64_TO_32_BIT_CONVERSION = YES;
				GCC_WARN_ABOUT_RETURN_TYPE = YES_ERROR;
				GCC_WARN_UNDECLARED_SELECTOR = YES;
				GCC_WARN_UNINITIALIZED_AUTOS = YES_AGGRESSIVE;
				GCC_WARN_UNUSED_FUNCTION = YES;
				GCC_WARN_UNUSED_VARIABLE = YES;
				IPHONEOS_DEPLOYMENT_TARGET = 13.2;
				MTL_ENABLE_DEBUG_INFO = INCLUDE_SOURCE;
				MTL_FAST_MATH = YES;
				ONLY_ACTIVE_ARCH = YES;
				SDKROOT = iphoneos;
				SWIFT_ACTIVE_COMPILATION_CONDITIONS = DEBUG;
				SWIFT_OPTIMIZATION_LEVEL = "-Onone";
			};
			name = Debug;
		};
		FBCCC217252DE6AC009E684D /* Release */ = {
			isa = XCBuildConfiguration;
			buildSettings = {
				ALWAYS_SEARCH_USER_PATHS = NO;
				CLANG_ANALYZER_NONNULL = YES;
				CLANG_ANALYZER_NUMBER_OBJECT_CONVERSION = YES_AGGRESSIVE;
				CLANG_CXX_LANGUAGE_STANDARD = "gnu++14";
				CLANG_CXX_LIBRARY = "libc++";
				CLANG_ENABLE_MODULES = YES;
				CLANG_ENABLE_OBJC_ARC = YES;
				CLANG_ENABLE_OBJC_WEAK = YES;
				CLANG_WARN_BLOCK_CAPTURE_AUTORELEASING = YES;
				CLANG_WARN_BOOL_CONVERSION = YES;
				CLANG_WARN_COMMA = YES;
				CLANG_WARN_CONSTANT_CONVERSION = YES;
				CLANG_WARN_DEPRECATED_OBJC_IMPLEMENTATIONS = YES;
				CLANG_WARN_DIRECT_OBJC_ISA_USAGE = YES_ERROR;
				CLANG_WARN_DOCUMENTATION_COMMENTS = YES;
				CLANG_WARN_EMPTY_BODY = YES;
				CLANG_WARN_ENUM_CONVERSION = YES;
				CLANG_WARN_INFINITE_RECURSION = YES;
				CLANG_WARN_INT_CONVERSION = YES;
				CLANG_WARN_NON_LITERAL_NULL_CONVERSION = YES;
				CLANG_WARN_OBJC_IMPLICIT_RETAIN_SELF = YES;
				CLANG_WARN_OBJC_LITERAL_CONVERSION = YES;
				CLANG_WARN_OBJC_ROOT_CLASS = YES_ERROR;
				CLANG_WARN_RANGE_LOOP_ANALYSIS = YES;
				CLANG_WARN_STRICT_PROTOTYPES = YES;
				CLANG_WARN_SUSPICIOUS_MOVE = YES;
				CLANG_WARN_UNGUARDED_AVAILABILITY = YES_AGGRESSIVE;
				CLANG_WARN_UNREACHABLE_CODE = YES;
				CLANG_WARN__DUPLICATE_METHOD_MATCH = YES;
				COPY_PHASE_STRIP = NO;
				DEBUG_INFORMATION_FORMAT = "dwarf-with-dsym";
				ENABLE_NS_ASSERTIONS = NO;
				ENABLE_STRICT_OBJC_MSGSEND = YES;
				GCC_C_LANGUAGE_STANDARD = gnu11;
				GCC_NO_COMMON_BLOCKS = YES;
				GCC_WARN_64_TO_32_BIT_CONVERSION = YES;
				GCC_WARN_ABOUT_RETURN_TYPE = YES_ERROR;
				GCC_WARN_UNDECLARED_SELECTOR = YES;
				GCC_WARN_UNINITIALIZED_AUTOS = YES_AGGRESSIVE;
				GCC_WARN_UNUSED_FUNCTION = YES;
				GCC_WARN_UNUSED_VARIABLE = YES;
				IPHONEOS_DEPLOYMENT_TARGET = 13.2;
				MTL_ENABLE_DEBUG_INFO = NO;
				MTL_FAST_MATH = YES;
				SDKROOT = iphoneos;
				SWIFT_COMPILATION_MODE = wholemodule;
				SWIFT_OPTIMIZATION_LEVEL = "-O";
				VALIDATE_PRODUCT = YES;
			};
			name = Release;
		};
		FBCCC219252DE6AC009E684D /* Debug */ = {
			isa = XCBuildConfiguration;
			buildSettings = {
				ASSETCATALOG_COMPILER_APPICON_NAME = AppIcon;
				CODE_SIGN_STYLE = Automatic;
				DEVELOPMENT_ASSET_PATHS = "\"SwiftUI-IExpense/Preview Content\"";
				ENABLE_PREVIEWS = YES;
				INFOPLIST_FILE = "SwiftUI-IExpense/Info.plist";
				LD_RUNPATH_SEARCH_PATHS = (
					"$(inherited)",
					"@executable_path/Frameworks",
				);
				PRODUCT_BUNDLE_IDENTIFIER = "com.denizcengiz.SwiftUI-IExpense";
				PRODUCT_NAME = "$(TARGET_NAME)";
				SWIFT_VERSION = 5.0;
				TARGETED_DEVICE_FAMILY = "1,2";
			};
			name = Debug;
		};
		FBCCC21A252DE6AC009E684D /* Release */ = {
			isa = XCBuildConfiguration;
			buildSettings = {
				ASSETCATALOG_COMPILER_APPICON_NAME = AppIcon;
				CODE_SIGN_STYLE = Automatic;
				DEVELOPMENT_ASSET_PATHS = "\"SwiftUI-IExpense/Preview Content\"";
				ENABLE_PREVIEWS = YES;
				INFOPLIST_FILE = "SwiftUI-IExpense/Info.plist";
				LD_RUNPATH_SEARCH_PATHS = (
					"$(inherited)",
					"@executable_path/Frameworks",
				);
				PRODUCT_BUNDLE_IDENTIFIER = "com.denizcengiz.SwiftUI-IExpense";
				PRODUCT_NAME = "$(TARGET_NAME)";
				SWIFT_VERSION = 5.0;
				TARGETED_DEVICE_FAMILY = "1,2";
			};
			name = Release;
		};
/* End XCBuildConfiguration section */

/* Begin XCConfigurationList section */
		FBCCC1FF252DE6A7009E684D /* Build configuration list for PBXProject "SwiftUI-IExpense" */ = {
			isa = XCConfigurationList;
			buildConfigurations = (
				FBCCC216252DE6AC009E684D /* Debug */,
				FBCCC217252DE6AC009E684D /* Release */,
			);
			defaultConfigurationIsVisible = 0;
			defaultConfigurationName = Release;
		};
		FBCCC218252DE6AC009E684D /* Build configuration list for PBXNativeTarget "SwiftUI-IExpense" */ = {
			isa = XCConfigurationList;
			buildConfigurations = (
				FBCCC219252DE6AC009E684D /* Debug */,
				FBCCC21A252DE6AC009E684D /* Release */,
			);
			defaultConfigurationIsVisible = 0;
			defaultConfigurationName = Release;
		};
/* End XCConfigurationList section */
	};
	rootObject = FBCCC1FC252DE6A7009E684D /* Project object */;
}
